
Microsoft Visual Studio Solution File, Format Version 12.00
# Visual Studio Version 17
VisualStudioVersion = 17.11.35327.3
MinimumVisualStudioVersion = 10.0.40219.1
Project("{2150E333-8FDC-42A3-9474-1A3956D46DE8}") = "01.SampleSimple", "01.SampleSimple", "{A8281F26-7D5B-4DF9-80E4-34D3F6D4230F}"
EndProject
Project("{2150E333-8FDC-42A3-9474-1A3956D46DE8}") = "00.SharedKernel", "00.SharedKernel", "{F73A7B49-A14D-4F3A-BA62-754454FF9536}"
EndProject
Project("{9A19103F-16F7-4668-BE54-9A1E7A4F7556}") = "RabbitMQ.Protocol.Common", "RabbitMQ.Protocol.Common\RabbitMQ.Protocol.Common.csproj", "{3899EB5C-461D-458A-BAC2-209F266A8CA1}"
EndProject
Project("{2150E333-8FDC-42A3-9474-1A3956D46DE8}") = "02.WorkQueues", "02.WorkQueues", "{3326FA97-35FD-496A-B6A8-7FEC34DD6500}"
EndProject
Project("{9A19103F-16F7-4668-BE54-9A1E7A4F7556}") = "SampleSimple.Receiver", "SampleSimple\SampleSimple.Receiver\SampleSimple.Receiver.csproj", "{0C95221C-37CB-44E5-81B1-DF715E8D3B38}"
EndProject
Project("{9A19103F-16F7-4668-BE54-9A1E7A4F7556}") = "SampleSimple.Sender", "SampleSimple\SampleSimple.Sender\SampleSimple.Sender.csproj", "{B01F416B-00A9-487F-B5D5-2AD2397844D9}"
EndProject
Project("{2150E333-8FDC-42A3-9474-1A3956D46DE8}") = "03.PublishSubscribe", "03.PublishSubscribe", "{6F528334-014E-4E66-BA43-98E9BB47F8E9}"
EndProject
Project("{9A19103F-16F7-4668-BE54-9A1E7A4F7556}") = "PublishSubscribe.EmitLog", "PublishSubscribe\PublishSubscribe.EmitLog\PublishSubscribe.EmitLog.csproj", "{37BDF3BF-C6BF-4B48-8AE0-1EFB390A3F12}"
EndProject
Project("{9A19103F-16F7-4668-BE54-9A1E7A4F7556}") = "PublishSubscribe.ReceiveLogs", "PublishSubscribe\PublishSubscribe.ReceiveLogs\PublishSubscribe.ReceiveLogs.csproj", "{C6A31EA7-4977-4AB9-A0A2-F64472B18F5E}"
EndProject
Project("{9A19103F-16F7-4668-BE54-9A1E7A4F7556}") = "WorkQueues.Worker", "WorkQueues\WorkQueues.Worker\WorkQueues.Worker.csproj", "{697CC06F-14E4-4916-A416-AE72A7CE0873}"
EndProject
Project("{9A19103F-16F7-4668-BE54-9A1E7A4F7556}") = "WorkQueues.NewTask", "WorkQueues\WorkQueues.NewTask\WorkQueues.NewTask.csproj", "{B7B3AA17-F729-42FD-B90B-95E3939764E5}"
EndProject
Project("{2150E333-8FDC-42A3-9474-1A3956D46DE8}") = "04.Routing", "04.Routing", "{F97F8303-A7A8-47A5-A737-327962B819F3}"
EndProject
Project("{9A19103F-16F7-4668-BE54-9A1E7A4F7556}") = "Routing.EmitLogDirect", "Routing\Routing.EmitLogDirect\Routing.EmitLogDirect.csproj", "{C026044D-11C5-46DC-96C8-F3C56F92266A}"
EndProject
Project("{9A19103F-16F7-4668-BE54-9A1E7A4F7556}") = "Routing.ReceiveLogsDirect", "Routing\Routing.ReceiveLogsDirect\Routing.ReceiveLogsDirect.csproj", "{EB489B16-5859-4B4A-B228-CBA61167934D}"
EndProject
Project("{2150E333-8FDC-42A3-9474-1A3956D46DE8}") = "05.Topics", "05.Topics", "{1DD9274E-1DAC-42BF-AA3F-7A1E45EA509C}"
EndProject
Project("{FAE04EC0-301F-11D3-BF4B-00C04F79EFBC}") = "Topics.EmitLogTopic", "Topics\Topics.EmitLogTopic\Topics.EmitLogTopic.csproj", "{7078213E-1A00-4DAC-9A48-153A2A9BAF5A}"
EndProject
Project("{FAE04EC0-301F-11D3-BF4B-00C04F79EFBC}") = "Topics.ReceiveLogsTopic", "Topics\Topics.ReceiveLogsTopic\Topics.ReceiveLogsTopic.csproj", "{6459DCA8-366E-417A-AB2B-49AF7DAEB204}"
EndProject
Global
	GlobalSection(SolutionConfigurationPlatforms) = preSolution
		Debug|Any CPU = Debug|Any CPU
		Release|Any CPU = Release|Any CPU
	EndGlobalSection
	GlobalSection(ProjectConfigurationPlatforms) = postSolution
		{3899EB5C-461D-458A-BAC2-209F266A8CA1}.Debug|Any CPU.ActiveCfg = Debug|Any CPU
		{3899EB5C-461D-458A-BAC2-209F266A8CA1}.Debug|Any CPU.Build.0 = Debug|Any CPU
		{3899EB5C-461D-458A-BAC2-209F266A8CA1}.Release|Any CPU.ActiveCfg = Release|Any CPU
		{3899EB5C-461D-458A-BAC2-209F266A8CA1}.Release|Any CPU.Build.0 = Release|Any CPU
		{0C95221C-37CB-44E5-81B1-DF715E8D3B38}.Debug|Any CPU.ActiveCfg = Debug|Any CPU
		{0C95221C-37CB-44E5-81B1-DF715E8D3B38}.Debug|Any CPU.Build.0 = Debug|Any CPU
		{0C95221C-37CB-44E5-81B1-DF715E8D3B38}.Release|Any CPU.ActiveCfg = Release|Any CPU
		{0C95221C-37CB-44E5-81B1-DF715E8D3B38}.Release|Any CPU.Build.0 = Release|Any CPU
		{B01F416B-00A9-487F-B5D5-2AD2397844D9}.Debug|Any CPU.ActiveCfg = Debug|Any CPU
		{B01F416B-00A9-487F-B5D5-2AD2397844D9}.Debug|Any CPU.Build.0 = Debug|Any CPU
		{B01F416B-00A9-487F-B5D5-2AD2397844D9}.Release|Any CPU.ActiveCfg = Release|Any CPU
		{B01F416B-00A9-487F-B5D5-2AD2397844D9}.Release|Any CPU.Build.0 = Release|Any CPU
		{37BDF3BF-C6BF-4B48-8AE0-1EFB390A3F12}.Debug|Any CPU.ActiveCfg = Debug|Any CPU
		{37BDF3BF-C6BF-4B48-8AE0-1EFB390A3F12}.Debug|Any CPU.Build.0 = Debug|Any CPU
		{37BDF3BF-C6BF-4B48-8AE0-1EFB390A3F12}.Release|Any CPU.ActiveCfg = Release|Any CPU
		{37BDF3BF-C6BF-4B48-8AE0-1EFB390A3F12}.Release|Any CPU.Build.0 = Release|Any CPU
		{C6A31EA7-4977-4AB9-A0A2-F64472B18F5E}.Debug|Any CPU.ActiveCfg = Debug|Any CPU
		{C6A31EA7-4977-4AB9-A0A2-F64472B18F5E}.Debug|Any CPU.Build.0 = Debug|Any CPU
		{C6A31EA7-4977-4AB9-A0A2-F64472B18F5E}.Release|Any CPU.ActiveCfg = Release|Any CPU
		{C6A31EA7-4977-4AB9-A0A2-F64472B18F5E}.Release|Any CPU.Build.0 = Release|Any CPU
		{697CC06F-14E4-4916-A416-AE72A7CE0873}.Debug|Any CPU.ActiveCfg = Debug|Any CPU
		{697CC06F-14E4-4916-A416-AE72A7CE0873}.Debug|Any CPU.Build.0 = Debug|Any CPU
		{697CC06F-14E4-4916-A416-AE72A7CE0873}.Release|Any CPU.ActiveCfg = Release|Any CPU
		{697CC06F-14E4-4916-A416-AE72A7CE0873}.Release|Any CPU.Build.0 = Release|Any CPU
		{B7B3AA17-F729-42FD-B90B-95E3939764E5}.Debug|Any CPU.ActiveCfg = Debug|Any CPU
		{B7B3AA17-F729-42FD-B90B-95E3939764E5}.Debug|Any CPU.Build.0 = Debug|Any CPU
		{B7B3AA17-F729-42FD-B90B-95E3939764E5}.Release|Any CPU.ActiveCfg = Release|Any CPU
		{B7B3AA17-F729-42FD-B90B-95E3939764E5}.Release|Any CPU.Build.0 = Release|Any CPU
		{C026044D-11C5-46DC-96C8-F3C56F92266A}.Debug|Any CPU.ActiveCfg = Debug|Any CPU
		{C026044D-11C5-46DC-96C8-F3C56F92266A}.Debug|Any CPU.Build.0 = Debug|Any CPU
		{C026044D-11C5-46DC-96C8-F3C56F92266A}.Release|Any CPU.ActiveCfg = Release|Any CPU
		{C026044D-11C5-46DC-96C8-F3C56F92266A}.Release|Any CPU.Build.0 = Release|Any CPU
		{EB489B16-5859-4B4A-B228-CBA61167934D}.Debug|Any CPU.ActiveCfg = Debug|Any CPU
		{EB489B16-5859-4B4A-B228-CBA61167934D}.Debug|Any CPU.Build.0 = Debug|Any CPU
		{EB489B16-5859-4B4A-B228-CBA61167934D}.Release|Any CPU.ActiveCfg = Release|Any CPU
		{EB489B16-5859-4B4A-B228-CBA61167934D}.Release|Any CPU.Build.0 = Release|Any CPU
		{7078213E-1A00-4DAC-9A48-153A2A9BAF5A}.Debug|Any CPU.ActiveCfg = Debug|Any CPU
		{7078213E-1A00-4DAC-9A48-153A2A9BAF5A}.Debug|Any CPU.Build.0 = Debug|Any CPU
		{7078213E-1A00-4DAC-9A48-153A2A9BAF5A}.Release|Any CPU.ActiveCfg = Release|Any CPU
		{7078213E-1A00-4DAC-9A48-153A2A9BAF5A}.Release|Any CPU.Build.0 = Release|Any CPU
		{6459DCA8-366E-417A-AB2B-49AF7DAEB204}.Debug|Any CPU.ActiveCfg = Debug|Any CPU
		{6459DCA8-366E-417A-AB2B-49AF7DAEB204}.Debug|Any CPU.Build.0 = Debug|Any CPU
		{6459DCA8-366E-417A-AB2B-49AF7DAEB204}.Release|Any CPU.ActiveCfg = Release|Any CPU
		{6459DCA8-366E-417A-AB2B-49AF7DAEB204}.Release|Any CPU.Build.0 = Release|Any CPU
	EndGlobalSection
	GlobalSection(SolutionProperties) = preSolution
		HideSolutionNode = FALSE
	EndGlobalSection
	GlobalSection(NestedProjects) = preSolution
		{3899EB5C-461D-458A-BAC2-209F266A8CA1} = {F73A7B49-A14D-4F3A-BA62-754454FF9536}
		{0C95221C-37CB-44E5-81B1-DF715E8D3B38} = {A8281F26-7D5B-4DF9-80E4-34D3F6D4230F}
		{B01F416B-00A9-487F-B5D5-2AD2397844D9} = {A8281F26-7D5B-4DF9-80E4-34D3F6D4230F}
		{37BDF3BF-C6BF-4B48-8AE0-1EFB390A3F12} = {6F528334-014E-4E66-BA43-98E9BB47F8E9}
		{C6A31EA7-4977-4AB9-A0A2-F64472B18F5E} = {6F528334-014E-4E66-BA43-98E9BB47F8E9}
		{697CC06F-14E4-4916-A416-AE72A7CE0873} = {3326FA97-35FD-496A-B6A8-7FEC34DD6500}
		{B7B3AA17-F729-42FD-B90B-95E3939764E5} = {3326FA97-35FD-496A-B6A8-7FEC34DD6500}
		{C026044D-11C5-46DC-96C8-F3C56F92266A} = {F97F8303-A7A8-47A5-A737-327962B819F3}
		{EB489B16-5859-4B4A-B228-CBA61167934D} = {F97F8303-A7A8-47A5-A737-327962B819F3}
		{7078213E-1A00-4DAC-9A48-153A2A9BAF5A} = {1DD9274E-1DAC-42BF-AA3F-7A1E45EA509C}
		{6459DCA8-366E-417A-AB2B-49AF7DAEB204} = {1DD9274E-1DAC-42BF-AA3F-7A1E45EA509C}
	EndGlobalSection
	GlobalSection(ExtensibilityGlobals) = postSolution
		SolutionGuid = {DECB65A6-3A2E-4CE6-A294-159393362308}
	EndGlobalSection
EndGlobal
